
Microsoft Visual Studio Solution File, Format Version 12.00
# Visual Studio Version 17
VisualStudioVersion = 17.0.31903.59
MinimumVisualStudioVersion = 10.0.40219.1
Project("{FAE04EC0-301F-11D3-BF4B-00C04F79EFBC}") = "Domain", "Domain\Domain.csproj", "{10044CB3-1364-4811-9FB4-B5AF696B2C73}"
EndProject
Project("{FAE04EC0-301F-11D3-BF4B-00C04F79EFBC}") = "Highway", "Highway\Highway.csproj", "{6CBC7C13-4FCB-47E3-82DA-A4C739161F7D}"
EndProject
Project("{FAE04EC0-301F-11D3-BF4B-00C04F79EFBC}") = "Infrastructure", "Infrastructure\Infrastructure.csproj", "{34C36245-169C-4B03-85AF-8EB2DD1A7956}"
EndProject
Global
	GlobalSection(SolutionConfigurationPlatforms) = preSolution
		Debug|Any CPU = Debug|Any CPU
		Release|Any CPU = Release|Any CPU
	EndGlobalSection
	GlobalSection(SolutionProperties) = preSolution
		HideSolutionNode = FALSE
	EndGlobalSection
	GlobalSection(ProjectConfigurationPlatforms) = postSolution
		{10044CB3-1364-4811-9FB4-B5AF696B2C73}.Debug|Any CPU.ActiveCfg = Debug|Any CPU
		{10044CB3-1364-4811-9FB4-B5AF696B2C73}.Debug|Any CPU.Build.0 = Debug|Any CPU
		{10044CB3-1364-4811-9FB4-B5AF696B2C73}.Release|Any CPU.ActiveCfg = Release|Any CPU
		{10044CB3-1364-4811-9FB4-B5AF696B2C73}.Release|Any CPU.Build.0 = Release|Any CPU
		{6CBC7C13-4FCB-47E3-82DA-A4C739161F7D}.Debug|Any CPU.ActiveCfg = Debug|Any CPU
		{6CBC7C13-4FCB-47E3-82DA-A4C739161F7D}.Debug|Any CPU.Build.0 = Debug|Any CPU
		{6CBC7C13-4FCB-47E3-82DA-A4C739161F7D}.Release|Any CPU.ActiveCfg = Release|Any CPU
		{6CBC7C13-4FCB-47E3-82DA-A4C739161F7D}.Release|Any CPU.Build.0 = Release|Any CPU
		{34C36245-169C-4B03-85AF-8EB2DD1A7956}.Debug|Any CPU.ActiveCfg = Debug|Any CPU
		{34C36245-169C-4B03-85AF-8EB2DD1A7956}.Debug|Any CPU.Build.0 = Debug|Any CPU
		{34C36245-169C-4B03-85AF-8EB2DD1A7956}.Release|Any CPU.ActiveCfg = Release|Any CPU
		{34C36245-169C-4B03-85AF-8EB2DD1A7956}.Release|Any CPU.Build.0 = Release|Any CPU
	EndGlobalSection
EndGlobal
